
Microsoft Visual Studio Solution File, Format Version 12.00
# Visual Studio 15
VisualStudioVersion = 15.0.26730.16
MinimumVisualStudioVersion = 10.0.40219.1
Project("{E24C65DC-7377-472B-9ABA-BC803B73C61A}") = "SmartStore", ".", "{11983DC8-C568-44CB-A5DF-C894FDA02109}"
	ProjectSection(WebsiteProperties) = preProject
		TargetFrameworkMoniker = ".NETFramework,Version%3Dv4.5.2"
		Debug.AspNetCompiler.VirtualPath = "/localhost_58833"
		Debug.AspNetCompiler.PhysicalPath = "..\SmartStore\"
		Debug.AspNetCompiler.TargetPath = "PrecompiledWeb\localhost_58833\"
		Debug.AspNetCompiler.Updateable = "true"
		Debug.AspNetCompiler.ForceOverwrite = "true"
		Debug.AspNetCompiler.FixedNames = "false"
		Debug.AspNetCompiler.Debug = "True"
		Release.AspNetCompiler.VirtualPath = "/localhost_58833"
		Release.AspNetCompiler.PhysicalPath = "..\SmartStore\"
		Release.AspNetCompiler.TargetPath = "PrecompiledWeb\localhost_58833\"
		Release.AspNetCompiler.Updateable = "true"
		Release.AspNetCompiler.ForceOverwrite = "true"
		Release.AspNetCompiler.FixedNames = "false"
		Release.AspNetCompiler.Debug = "False"
		VWDPort = "58833"
		SlnRelativePath = "..\SmartStore\"
	EndProjectSection
EndProject
Global
	GlobalSection(SolutionConfigurationPlatforms) = preSolution
		Debug|Any CPU = Debug|Any CPU
	EndGlobalSection
	GlobalSection(ProjectConfigurationPlatforms) = postSolution
		{11983DC8-C568-44CB-A5DF-C894FDA02109}.Debug|Any CPU.ActiveCfg = Debug|Any CPU
		{11983DC8-C568-44CB-A5DF-C894FDA02109}.Debug|Any CPU.Build.0 = Debug|Any CPU
	EndGlobalSection
	GlobalSection(SolutionProperties) = preSolution
		HideSolutionNode = FALSE
	EndGlobalSection
	GlobalSection(ExtensibilityGlobals) = postSolution
		SolutionGuid = {B83D6A06-9FB9-44E9-8C7C-A1EE7B2BBB02}
	EndGlobalSection
EndGlobal
